
Microsoft Visual Studio Solution File, Format Version 12.00
# Visual Studio Version 17
VisualStudioVersion = 17.14.36518.9 d17.14
MinimumVisualStudioVersion = 10.0.40219.1
Project("{FAE04EC0-301F-11D3-BF4B-00C04F79EFBC}") = "ProcessMonitor", "ProcessMonitor\ProcessMonitor.csproj", "{47D9B38F-C9C2-4582-A479-F65FC70AB8CC}"
EndProject
Global
	GlobalSection(SolutionConfigurationPlatforms) = preSolution
		Debug|Any CPU = Debug|Any CPU
		Release|Any CPU = Release|Any CPU
	EndGlobalSection
	GlobalSection(ProjectConfigurationPlatforms) = postSolution
		{47D9B38F-C9C2-4582-A479-F65FC70AB8CC}.Debug|Any CPU.ActiveCfg = Debug|Any CPU
		{47D9B38F-C9C2-4582-A479-F65FC70AB8CC}.Debug|Any CPU.Build.0 = Debug|Any CPU
		{47D9B38F-C9C2-4582-A479-F65FC70AB8CC}.Release|Any CPU.ActiveCfg = Release|Any CPU
		{47D9B38F-C9C2-4582-A479-F65FC70AB8CC}.Release|Any CPU.Build.0 = Release|Any CPU
	EndGlobalSection
	GlobalSection(SolutionProperties) = preSolution
		HideSolutionNode = FALSE
	EndGlobalSection
	GlobalSection(ExtensibilityGlobals) = postSolution
		SolutionGuid = {72A25B12-B42D-49B8-B57B-85D0A143D546}
	EndGlobalSection
EndGlobal
